
Microsoft Visual Studio Solution File, Format Version 12.00
# Visual Studio Version 18
VisualStudioVersion = 18.1.11312.151
MinimumVisualStudioVersion = 10.0.40219.1
Project("{FAE04EC0-301F-11D3-BF4B-00C04F79EFBC}") = "Smraa_AlYaman.Api", "Smraa_AlYaman.Api\Smraa_AlYaman.Api.csproj", "{3C3C5CAB-3871-4F81-AB08-C039930C79F5}"
EndProject
Project("{FAE04EC0-301F-11D3-BF4B-00C04F79EFBC}") = "Smraa_AlYaman.Application", "Smraa_AlYaman.Application\Smraa_AlYaman.Application.csproj", "{2983E72A-D67B-4D39-9423-5311F5233322}"
EndProject
Project("{FAE04EC0-301F-11D3-BF4B-00C04F79EFBC}") = "Smraa_AlYaman.Infrastructure", "Smraa_AlYaman.Infrastructure\Smraa_AlYaman.Infrastructure.csproj", "{4B41E201-3D71-410A-B3E7-DBDD0D7751C8}"
EndProject
Project("{FAE04EC0-301F-11D3-BF4B-00C04F79EFBC}") = "Smraa_AlYaman.Domain", "Smraa_AlYaman.Domain\Smraa_AlYaman.Domain.csproj", "{01C593DE-2B8F-4D8A-92FF-8130E3E3A53C}"
	ProjectSection(ProjectDependencies) = postProject
		{EC6DB746-28F3-4332-820C-AB9F644B320C} = {EC6DB746-28F3-4332-820C-AB9F644B320C}
	EndProjectSection
EndProject
Project("{FAE04EC0-301F-11D3-BF4B-00C04F79EFBC}") = "Smraa_AlYaman.Common", "Smraa_AlYaman.Common\Smraa_AlYaman.Common.csproj", "{EC6DB746-28F3-4332-820C-AB9F644B320C}"
EndProject
Global
	GlobalSection(SolutionConfigurationPlatforms) = preSolution
		Debug|Any CPU = Debug|Any CPU
		Release|Any CPU = Release|Any CPU
	EndGlobalSection
	GlobalSection(ProjectConfigurationPlatforms) = postSolution
		{3C3C5CAB-3871-4F81-AB08-C039930C79F5}.Debug|Any CPU.ActiveCfg = Debug|Any CPU
		{3C3C5CAB-3871-4F81-AB08-C039930C79F5}.Debug|Any CPU.Build.0 = Debug|Any CPU
		{3C3C5CAB-3871-4F81-AB08-C039930C79F5}.Release|Any CPU.ActiveCfg = Release|Any CPU
		{3C3C5CAB-3871-4F81-AB08-C039930C79F5}.Release|Any CPU.Build.0 = Release|Any CPU
		{2983E72A-D67B-4D39-9423-5311F5233322}.Debug|Any CPU.ActiveCfg = Debug|Any CPU
		{2983E72A-D67B-4D39-9423-5311F5233322}.Debug|Any CPU.Build.0 = Debug|Any CPU
		{2983E72A-D67B-4D39-9423-5311F5233322}.Release|Any CPU.ActiveCfg = Release|Any CPU
		{2983E72A-D67B-4D39-9423-5311F5233322}.Release|Any CPU.Build.0 = Release|Any CPU
		{4B41E201-3D71-410A-B3E7-DBDD0D7751C8}.Debug|Any CPU.ActiveCfg = Debug|Any CPU
		{4B41E201-3D71-410A-B3E7-DBDD0D7751C8}.Debug|Any CPU.Build.0 = Debug|Any CPU
		{4B41E201-3D71-410A-B3E7-DBDD0D7751C8}.Release|Any CPU.ActiveCfg = Release|Any CPU
		{4B41E201-3D71-410A-B3E7-DBDD0D7751C8}.Release|Any CPU.Build.0 = Release|Any CPU
		{01C593DE-2B8F-4D8A-92FF-8130E3E3A53C}.Debug|Any CPU.ActiveCfg = Debug|Any CPU
		{01C593DE-2B8F-4D8A-92FF-8130E3E3A53C}.Debug|Any CPU.Build.0 = Debug|Any CPU
		{01C593DE-2B8F-4D8A-92FF-8130E3E3A53C}.Release|Any CPU.ActiveCfg = Release|Any CPU
		{01C593DE-2B8F-4D8A-92FF-8130E3E3A53C}.Release|Any CPU.Build.0 = Release|Any CPU
		{EC6DB746-28F3-4332-820C-AB9F644B320C}.Debug|Any CPU.ActiveCfg = Debug|Any CPU
		{EC6DB746-28F3-4332-820C-AB9F644B320C}.Debug|Any CPU.Build.0 = Debug|Any CPU
		{EC6DB746-28F3-4332-820C-AB9F644B320C}.Release|Any CPU.ActiveCfg = Release|Any CPU
		{EC6DB746-28F3-4332-820C-AB9F644B320C}.Release|Any CPU.Build.0 = Release|Any CPU
	EndGlobalSection
	GlobalSection(SolutionProperties) = preSolution
		HideSolutionNode = FALSE
	EndGlobalSection
	GlobalSection(ExtensibilityGlobals) = postSolution
		SolutionGuid = {2BA2D28F-9767-4F59-9AC9-6A3622B16B03}
	EndGlobalSection
EndGlobal
